
Microsoft Visual Studio Solution File, Format Version 12.00
# Visual Studio Version 17
VisualStudioVersion = 17.9.34723.18
MinimumVisualStudioVersion = 10.0.40219.1
Project("{FAE04EC0-301F-11D3-BF4B-00C04F79EFBC}") = "RAA_Level2_Mod_01", "RAA_Level2_Mod_01.csproj", "{0222EC2E-A8A6-45B9-A2E9-AA4C058B5D89}"
EndProject
Global
	GlobalSection(SolutionConfigurationPlatforms) = preSolution
		Debug|Any CPU = Debug|Any CPU
		Release|Any CPU = Release|Any CPU
	EndGlobalSection
	GlobalSection(ProjectConfigurationPlatforms) = postSolution
		{0222EC2E-A8A6-45B9-A2E9-AA4C058B5D89}.Debug|Any CPU.ActiveCfg = Debug|Any CPU
		{0222EC2E-A8A6-45B9-A2E9-AA4C058B5D89}.Debug|Any CPU.Build.0 = Debug|Any CPU
		{0222EC2E-A8A6-45B9-A2E9-AA4C058B5D89}.Release|Any CPU.ActiveCfg = Release|Any CPU
		{0222EC2E-A8A6-45B9-A2E9-AA4C058B5D89}.Release|Any CPU.Build.0 = Release|Any CPU
	EndGlobalSection
	GlobalSection(SolutionProperties) = preSolution
		HideSolutionNode = FALSE
	EndGlobalSection
	GlobalSection(ExtensibilityGlobals) = postSolution
		SolutionGuid = {05ECD3D4-BE94-4050-9C1D-A743E53ED2D5}
	EndGlobalSection
EndGlobal
